
Microsoft Visual Studio Solution File, Format Version 12.00
# Visual Studio Version 16
VisualStudioVersion = 16.0.33130.400
MinimumVisualStudioVersion = 10.0.40219.1
Project("{9A19103F-16F7-4668-BE54-9A1E7A4F7556}") = "Task2", "Task2\Task2.csproj", "{EDF3708F-F998-46A5-A610-ED8281C2F9DE}"
EndProject
Project("{9A19103F-16F7-4668-BE54-9A1E7A4F7556}") = "Task4", "Task4\Task4.csproj", "{F25897D3-05A7-469C-BE85-F239EE738122}"
EndProject
Project("{FAE04EC0-301F-11D3-BF4B-00C04F79EFBC}") = "Task6", "Task6\Task6.csproj", "{47CE10F4-724F-4841-B0BE-40C2ED1BBE0A}"
EndProject
Project("{FAE04EC0-301F-11D3-BF4B-00C04F79EFBC}") = "Task8", "Task8\Task8.csproj", "{C004043F-724D-4F84-AC66-8B2FF52E2303}"
EndProject
Global
	GlobalSection(SolutionConfigurationPlatforms) = preSolution
		Debug|Any CPU = Debug|Any CPU
		Release|Any CPU = Release|Any CPU
	EndGlobalSection
	GlobalSection(ProjectConfigurationPlatforms) = postSolution
		{EDF3708F-F998-46A5-A610-ED8281C2F9DE}.Debug|Any CPU.ActiveCfg = Debug|Any CPU
		{EDF3708F-F998-46A5-A610-ED8281C2F9DE}.Debug|Any CPU.Build.0 = Debug|Any CPU
		{EDF3708F-F998-46A5-A610-ED8281C2F9DE}.Release|Any CPU.ActiveCfg = Release|Any CPU
		{EDF3708F-F998-46A5-A610-ED8281C2F9DE}.Release|Any CPU.Build.0 = Release|Any CPU
		{F25897D3-05A7-469C-BE85-F239EE738122}.Debug|Any CPU.ActiveCfg = Debug|Any CPU
		{F25897D3-05A7-469C-BE85-F239EE738122}.Debug|Any CPU.Build.0 = Debug|Any CPU
		{F25897D3-05A7-469C-BE85-F239EE738122}.Release|Any CPU.ActiveCfg = Release|Any CPU
		{F25897D3-05A7-469C-BE85-F239EE738122}.Release|Any CPU.Build.0 = Release|Any CPU
		{47CE10F4-724F-4841-B0BE-40C2ED1BBE0A}.Debug|Any CPU.ActiveCfg = Debug|Any CPU
		{47CE10F4-724F-4841-B0BE-40C2ED1BBE0A}.Debug|Any CPU.Build.0 = Debug|Any CPU
		{47CE10F4-724F-4841-B0BE-40C2ED1BBE0A}.Release|Any CPU.ActiveCfg = Release|Any CPU
		{47CE10F4-724F-4841-B0BE-40C2ED1BBE0A}.Release|Any CPU.Build.0 = Release|Any CPU
		{C004043F-724D-4F84-AC66-8B2FF52E2303}.Debug|Any CPU.ActiveCfg = Debug|Any CPU
		{C004043F-724D-4F84-AC66-8B2FF52E2303}.Debug|Any CPU.Build.0 = Debug|Any CPU
		{C004043F-724D-4F84-AC66-8B2FF52E2303}.Release|Any CPU.ActiveCfg = Release|Any CPU
		{C004043F-724D-4F84-AC66-8B2FF52E2303}.Release|Any CPU.Build.0 = Release|Any CPU
	EndGlobalSection
	GlobalSection(SolutionProperties) = preSolution
		HideSolutionNode = FALSE
	EndGlobalSection
	GlobalSection(ExtensibilityGlobals) = postSolution
		SolutionGuid = {736ADE05-E7A1-4FAF-ADFB-265BD89536B4}
	EndGlobalSection
EndGlobal
